
Microsoft Visual Studio Solution File, Format Version 12.00
# Visual Studio Version 17
VisualStudioVersion = 17.4.33205.214
MinimumVisualStudioVersion = 10.0.40219.1
Project("{FAE04EC0-301F-11D3-BF4B-00C04F79EFBC}") = "Cadastro.Novas.Ferramentas", "Cadastro.Novas.Ferramentas\Cadastro.Novas.Ferramentas.csproj", "{3E1F66CB-BC72-4F9F-9F43-3C7D4A2C0EED}"
EndProject
Global
	GlobalSection(SolutionConfigurationPlatforms) = preSolution
		Debug|Any CPU = Debug|Any CPU
		Release|Any CPU = Release|Any CPU
	EndGlobalSection
	GlobalSection(ProjectConfigurationPlatforms) = postSolution
		{3E1F66CB-BC72-4F9F-9F43-3C7D4A2C0EED}.Debug|Any CPU.ActiveCfg = Debug|Any CPU
		{3E1F66CB-BC72-4F9F-9F43-3C7D4A2C0EED}.Debug|Any CPU.Build.0 = Debug|Any CPU
		{3E1F66CB-BC72-4F9F-9F43-3C7D4A2C0EED}.Release|Any CPU.ActiveCfg = Release|Any CPU
		{3E1F66CB-BC72-4F9F-9F43-3C7D4A2C0EED}.Release|Any CPU.Build.0 = Release|Any CPU
	EndGlobalSection
	GlobalSection(SolutionProperties) = preSolution
		HideSolutionNode = FALSE
	EndGlobalSection
	GlobalSection(ExtensibilityGlobals) = postSolution
		SolutionGuid = {C7EFB62C-3E8C-439E-878C-C20E87F25398}
	EndGlobalSection
EndGlobal
